// !$*UTF8*$!
{
	archiveVersion = 1;
	classes = {
	};
	objectVersion = 56;
	objects = {

/* Begin PBXBuildFile section */
		FDD11A6B2A9410B6007DFE14 /* Current.json in Resources */ = {isa = PBXBuildFile; fileRef = FDD11A6A2A9410B5007DFE14 /* Current.json */; };
		FDD11A6D2A9410E8007DFE14 /* Forecast.json in Resources */ = {isa = PBXBuildFile; fileRef = FDD11A6C2A9410E8007DFE14 /* Forecast.json */; };
		FDD11A6F2A941151007DFE14 /* MockAPIService.swift in Sources */ = {isa = PBXBuildFile; fileRef = FDD11A6E2A941151007DFE14 /* MockAPIService.swift */; };
		FDD11A722A941227007DFE14 /* Bundle+Extension.swift in Sources */ = {isa = PBXBuildFile; fileRef = FDD11A712A941227007DFE14 /* Bundle+Extension.swift */; };
		FDD11A732A941548007DFE14 /* Current.json in Resources */ = {isa = PBXBuildFile; fileRef = FDD11A6A2A9410B5007DFE14 /* Current.json */; };
		FDD11A742A94154F007DFE14 /* Forecast.json in Resources */ = {isa = PBXBuildFile; fileRef = FDD11A6C2A9410E8007DFE14 /* Forecast.json */; };
		FDDC70CB2A69C8C300647CB1 /* KlarnaTestApp.swift in Sources */ = {isa = PBXBuildFile; fileRef = FDDC70CA2A69C8C300647CB1 /* KlarnaTestApp.swift */; };
		FDDC70CD2A69C8C300647CB1 /* Home.swift in Sources */ = {isa = PBXBuildFile; fileRef = FDDC70CC2A69C8C300647CB1 /* Home.swift */; };
		FDDC70CF2A69C8C500647CB1 /* Assets.xcassets in Resources */ = {isa = PBXBuildFile; fileRef = FDDC70CE2A69C8C500647CB1 /* Assets.xcassets */; };
		FDDC70D22A69C8C500647CB1 /* Preview Assets.xcassets in Resources */ = {isa = PBXBuildFile; fileRef = FDDC70D12A69C8C500647CB1 /* Preview Assets.xcassets */; };
		FDDC70DC2A69C8C500647CB1 /* KlarnaTestTests.swift in Sources */ = {isa = PBXBuildFile; fileRef = FDDC70DB2A69C8C500647CB1 /* KlarnaTestTests.swift */; };
		FDDC70F62A69C9E400647CB1 /* LocationManager.swift in Sources */ = {isa = PBXBuildFile; fileRef = FDDC70F52A69C9E400647CB1 /* LocationManager.swift */; };
		FDDC70F92A69CC0400647CB1 /* Weather.swift in Sources */ = {isa = PBXBuildFile; fileRef = FDDC70F82A69CC0400647CB1 /* Weather.swift */; };
		FDDC70FC2A69CC3E00647CB1 /* WeatherViewModel.swift in Sources */ = {isa = PBXBuildFile; fileRef = FDDC70FB2A69CC3E00647CB1 /* WeatherViewModel.swift */; };
		FDDC70FF2A69CD3500647CB1 /* ErrorView.swift in Sources */ = {isa = PBXBuildFile; fileRef = FDDC70FE2A69CD3500647CB1 /* ErrorView.swift */; };
		FDDC71022A69CDB300647CB1 /* APIError.swift in Sources */ = {isa = PBXBuildFile; fileRef = FDDC71012A69CDB300647CB1 /* APIError.swift */; };
		FDDC71042A69CDC500647CB1 /* APIService.swift in Sources */ = {isa = PBXBuildFile; fileRef = FDDC71032A69CDC500647CB1 /* APIService.swift */; };
		FDDC71062A69D50800647CB1 /* CustomStackView.swift in Sources */ = {isa = PBXBuildFile; fileRef = FDDC71052A69D50800647CB1 /* CustomStackView.swift */; };
		FDDC710A2A69DC2700647CB1 /* HourlyForecast.swift in Sources */ = {isa = PBXBuildFile; fileRef = FDDC71092A69DC2700647CB1 /* HourlyForecast.swift */; };
		FDDC710C2A6C822D00647CB1 /* ContentView.swift in Sources */ = {isa = PBXBuildFile; fileRef = FDDC710B2A6C822D00647CB1 /* ContentView.swift */; };
		FDDC710E2A6DA1C000647CB1 /* LocationDataView.swift in Sources */ = {isa = PBXBuildFile; fileRef = FDDC710D2A6DA1C000647CB1 /* LocationDataView.swift */; };
		FDDC71112A7078AB00647CB1 /* Extensions.swift in Sources */ = {isa = PBXBuildFile; fileRef = FDDC71102A7078AB00647CB1 /* Extensions.swift */; };
		FDDC71142A708BA700647CB1 /* DailyForecast.swift in Sources */ = {isa = PBXBuildFile; fileRef = FDDC71132A708BA700647CB1 /* DailyForecast.swift */; };
		FDDC71162A71DBB600647CB1 /* SearchView.swift in Sources */ = {isa = PBXBuildFile; fileRef = FDDC71152A71DBB600647CB1 /* SearchView.swift */; };
/* End PBXBuildFile section */

/* Begin PBXContainerItemProxy section */
		FDDC70D82A69C8C500647CB1 /* PBXContainerItemProxy */ = {
			isa = PBXContainerItemProxy;
			containerPortal = FDDC70BF2A69C8C300647CB1 /* Project object */;
			proxyType = 1;
			remoteGlobalIDString = FDDC70C62A69C8C300647CB1;
			remoteInfo = KlarnaTest;
		};
/* End PBXContainerItemProxy section */

/* Begin PBXFileReference section */
		FDD11A6A2A9410B5007DFE14 /* Current.json */ = {isa = PBXFileReference; lastKnownFileType = text.json; path = Current.json; sourceTree = "<group>"; };
		FDD11A6C2A9410E8007DFE14 /* Forecast.json */ = {isa = PBXFileReference; lastKnownFileType = text.json; path = Forecast.json; sourceTree = "<group>"; };
		FDD11A6E2A941151007DFE14 /* MockAPIService.swift */ = {isa = PBXFileReference; lastKnownFileType = sourcecode.swift; path = MockAPIService.swift; sourceTree = "<group>"; };
		FDD11A712A941227007DFE14 /* Bundle+Extension.swift */ = {isa = PBXFileReference; lastKnownFileType = sourcecode.swift; path = "Bundle+Extension.swift"; sourceTree = "<group>"; };
		FDDC70C72A69C8C300647CB1 /* KlarnaTest.app */ = {isa = PBXFileReference; explicitFileType = wrapper.application; includeInIndex = 0; path = KlarnaTest.app; sourceTree = BUILT_PRODUCTS_DIR; };
		FDDC70CA2A69C8C300647CB1 /* KlarnaTestApp.swift */ = {isa = PBXFileReference; lastKnownFileType = sourcecode.swift; path = KlarnaTestApp.swift; sourceTree = "<group>"; };
		FDDC70CC2A69C8C300647CB1 /* Home.swift */ = {isa = PBXFileReference; lastKnownFileType = sourcecode.swift; path = Home.swift; sourceTree = "<group>"; };
		FDDC70CE2A69C8C500647CB1 /* Assets.xcassets */ = {isa = PBXFileReference; lastKnownFileType = folder.assetcatalog; path = Assets.xcassets; sourceTree = "<group>"; };
		FDDC70D12A69C8C500647CB1 /* Preview Assets.xcassets */ = {isa = PBXFileReference; lastKnownFileType = folder.assetcatalog; path = "Preview Assets.xcassets"; sourceTree = "<group>"; };
		FDDC70D72A69C8C500647CB1 /* KlarnaTestTests.xctest */ = {isa = PBXFileReference; explicitFileType = wrapper.cfbundle; includeInIndex = 0; path = KlarnaTestTests.xctest; sourceTree = BUILT_PRODUCTS_DIR; };
		FDDC70DB2A69C8C500647CB1 /* KlarnaTestTests.swift */ = {isa = PBXFileReference; lastKnownFileType = sourcecode.swift; path = KlarnaTestTests.swift; sourceTree = "<group>"; };
		FDDC70F52A69C9E400647CB1 /* LocationManager.swift */ = {isa = PBXFileReference; lastKnownFileType = sourcecode.swift; path = LocationManager.swift; sourceTree = "<group>"; };
		FDDC70F82A69CC0400647CB1 /* Weather.swift */ = {isa = PBXFileReference; lastKnownFileType = sourcecode.swift; path = Weather.swift; sourceTree = "<group>"; };
		FDDC70FB2A69CC3E00647CB1 /* WeatherViewModel.swift */ = {isa = PBXFileReference; lastKnownFileType = sourcecode.swift; path = WeatherViewModel.swift; sourceTree = "<group>"; };
		FDDC70FE2A69CD3500647CB1 /* ErrorView.swift */ = {isa = PBXFileReference; lastKnownFileType = sourcecode.swift; path = ErrorView.swift; sourceTree = "<group>"; };
		FDDC71012A69CDB300647CB1 /* APIError.swift */ = {isa = PBXFileReference; lastKnownFileType = sourcecode.swift; path = APIError.swift; sourceTree = "<group>"; };
		FDDC71032A69CDC500647CB1 /* APIService.swift */ = {isa = PBXFileReference; lastKnownFileType = sourcecode.swift; path = APIService.swift; sourceTree = "<group>"; };
		FDDC71052A69D50800647CB1 /* CustomStackView.swift */ = {isa = PBXFileReference; lastKnownFileType = sourcecode.swift; path = CustomStackView.swift; sourceTree = "<group>"; };
		FDDC71092A69DC2700647CB1 /* HourlyForecast.swift */ = {isa = PBXFileReference; lastKnownFileType = sourcecode.swift; path = HourlyForecast.swift; sourceTree = "<group>"; };
		FDDC710B2A6C822D00647CB1 /* ContentView.swift */ = {isa = PBXFileReference; lastKnownFileType = sourcecode.swift; path = ContentView.swift; sourceTree = "<group>"; };
		FDDC710D2A6DA1C000647CB1 /* LocationDataView.swift */ = {isa = PBXFileReference; lastKnownFileType = sourcecode.swift; path = LocationDataView.swift; sourceTree = "<group>"; };
		FDDC71102A7078AB00647CB1 /* Extensions.swift */ = {isa = PBXFileReference; lastKnownFileType = sourcecode.swift; path = Extensions.swift; sourceTree = "<group>"; };
		FDDC71122A70869800647CB1 /* Info.plist */ = {isa = PBXFileReference; lastKnownFileType = text.plist; path = Info.plist; sourceTree = "<group>"; };
		FDDC71132A708BA700647CB1 /* DailyForecast.swift */ = {isa = PBXFileReference; lastKnownFileType = sourcecode.swift; path = DailyForecast.swift; sourceTree = "<group>"; };
		FDDC71152A71DBB600647CB1 /* SearchView.swift */ = {isa = PBXFileReference; lastKnownFileType = sourcecode.swift; path = SearchView.swift; sourceTree = "<group>"; };
/* End PBXFileReference section */

/* Begin PBXFrameworksBuildPhase section */
		FDDC70C42A69C8C300647CB1 /* Frameworks */ = {
			isa = PBXFrameworksBuildPhase;
			buildActionMask = 2147483647;
			files = (
			);
			runOnlyForDeploymentPostprocessing = 0;
		};
		FDDC70D42A69C8C500647CB1 /* Frameworks */ = {
			isa = PBXFrameworksBuildPhase;
			buildActionMask = 2147483647;
			files = (
			);
			runOnlyForDeploymentPostprocessing = 0;
		};
/* End PBXFrameworksBuildPhase section */

/* Begin PBXGroup section */
		FDD11A702A941210007DFE14 /* Extension */ = {
			isa = PBXGroup;
			children = (
				FDD11A712A941227007DFE14 /* Bundle+Extension.swift */,
			);
			path = Extension;
			sourceTree = "<group>";
		};
		FDDC70BE2A69C8C300647CB1 = {
			isa = PBXGroup;
			children = (
				FDDC70C92A69C8C300647CB1 /* KlarnaTest */,
				FDDC70DA2A69C8C500647CB1 /* KlarnaTestTests */,
				FDDC70C82A69C8C300647CB1 /* Products */,
			);
			sourceTree = "<group>";
		};
		FDDC70C82A69C8C300647CB1 /* Products */ = {
			isa = PBXGroup;
			children = (
				FDDC70C72A69C8C300647CB1 /* KlarnaTest.app */,
				FDDC70D72A69C8C500647CB1 /* KlarnaTestTests.xctest */,
			);
			name = Products;
			sourceTree = "<group>";
		};
		FDDC70C92A69C8C300647CB1 /* KlarnaTest */ = {
			isa = PBXGroup;
			children = (
				FDDC71122A70869800647CB1 /* Info.plist */,
				FDDC710F2A70789400647CB1 /* Extensions */,
				FDDC70F42A69C9D100647CB1 /* LocationManager */,
				FDDC70F72A69CBEB00647CB1 /* Model */,
				FDDC70FA2A69CC1800647CB1 /* ViewModels */,
				FDDC70FD2A69CCD300647CB1 /* Views */,
				FDDC71002A69CD9500647CB1 /* Networking */,
				FDDC70CA2A69C8C300647CB1 /* KlarnaTestApp.swift */,
				FDDC70CE2A69C8C500647CB1 /* Assets.xcassets */,
				FDDC70D02A69C8C500647CB1 /* Preview Content */,
			);
			path = KlarnaTest;
			sourceTree = "<group>";
		};
		FDDC70D02A69C8C500647CB1 /* Preview Content */ = {
			isa = PBXGroup;
			children = (
				FDDC70D12A69C8C500647CB1 /* Preview Assets.xcassets */,
			);
			path = "Preview Content";
			sourceTree = "<group>";
		};
		FDDC70DA2A69C8C500647CB1 /* KlarnaTestTests */ = {
			isa = PBXGroup;
			children = (
				FDD11A702A941210007DFE14 /* Extension */,
				FDDC70DB2A69C8C500647CB1 /* KlarnaTestTests.swift */,
				FDD11A6A2A9410B5007DFE14 /* Current.json */,
				FDD11A6C2A9410E8007DFE14 /* Forecast.json */,
				FDD11A6E2A941151007DFE14 /* MockAPIService.swift */,
			);
			path = KlarnaTestTests;
			sourceTree = "<group>";
		};
		FDDC70F42A69C9D100647CB1 /* LocationManager */ = {
			isa = PBXGroup;
			children = (
				FDDC70F52A69C9E400647CB1 /* LocationManager.swift */,
			);
			path = LocationManager;
			sourceTree = "<group>";
		};
		FDDC70F72A69CBEB00647CB1 /* Model */ = {
			isa = PBXGroup;
			children = (
				FDDC70F82A69CC0400647CB1 /* Weather.swift */,
			);
			path = Model;
			sourceTree = "<group>";
		};
		FDDC70FA2A69CC1800647CB1 /* ViewModels */ = {
			isa = PBXGroup;
			children = (
				FDDC70FB2A69CC3E00647CB1 /* WeatherViewModel.swift */,
			);
			path = ViewModels;
			sourceTree = "<group>";
		};
		FDDC70FD2A69CCD300647CB1 /* Views */ = {
			isa = PBXGroup;
			children = (
				FDDC710B2A6C822D00647CB1 /* ContentView.swift */,
				FDDC70CC2A69C8C300647CB1 /* Home.swift */,
				FDDC71152A71DBB600647CB1 /* SearchView.swift */,
				FDDC71052A69D50800647CB1 /* CustomStackView.swift */,
				FDDC710D2A6DA1C000647CB1 /* LocationDataView.swift */,
				FDDC71092A69DC2700647CB1 /* HourlyForecast.swift */,
				FDDC71132A708BA700647CB1 /* DailyForecast.swift */,
				FDDC70FE2A69CD3500647CB1 /* ErrorView.swift */,
			);
			path = Views;
			sourceTree = "<group>";
		};
		FDDC71002A69CD9500647CB1 /* Networking */ = {
			isa = PBXGroup;
			children = (
				FDDC71012A69CDB300647CB1 /* APIError.swift */,
				FDDC71032A69CDC500647CB1 /* APIService.swift */,
			);
			path = Networking;
			sourceTree = "<group>";
		};
		FDDC710F2A70789400647CB1 /* Extensions */ = {
			isa = PBXGroup;
			children = (
				FDDC71102A7078AB00647CB1 /* Extensions.swift */,
			);
			path = Extensions;
			sourceTree = "<group>";
		};
/* End PBXGroup section */

/* Begin PBXNativeTarget section */
		FDDC70C62A69C8C300647CB1 /* KlarnaTest */ = {
			isa = PBXNativeTarget;
			buildConfigurationList = FDDC70EB2A69C8C500647CB1 /* Build configuration list for PBXNativeTarget "KlarnaTest" */;
			buildPhases = (
				FDDC70C32A69C8C300647CB1 /* Sources */,
				FDDC70C42A69C8C300647CB1 /* Frameworks */,
				FDDC70C52A69C8C300647CB1 /* Resources */,
			);
			buildRules = (
			);
			dependencies = (
			);
			name = KlarnaTest;
			productName = KlarnaTest;
			productReference = FDDC70C72A69C8C300647CB1 /* KlarnaTest.app */;
			productType = "com.apple.product-type.application";
		};
		FDDC70D62A69C8C500647CB1 /* KlarnaTestTests */ = {
			isa = PBXNativeTarget;
			buildConfigurationList = FDDC70EE2A69C8C500647CB1 /* Build configuration list for PBXNativeTarget "KlarnaTestTests" */;
			buildPhases = (
				FDDC70D32A69C8C500647CB1 /* Sources */,
				FDDC70D42A69C8C500647CB1 /* Frameworks */,
				FDDC70D52A69C8C500647CB1 /* Resources */,
			);
			buildRules = (
			);
			dependencies = (
				FDDC70D92A69C8C500647CB1 /* PBXTargetDependency */,
			);
			name = KlarnaTestTests;
			productName = KlarnaTestTests;
			productReference = FDDC70D72A69C8C500647CB1 /* KlarnaTestTests.xctest */;
			productType = "com.apple.product-type.bundle.unit-test";
		};
/* End PBXNativeTarget section */

/* Begin PBXProject section */
		FDDC70BF2A69C8C300647CB1 /* Project object */ = {
			isa = PBXProject;
			attributes = {
				BuildIndependentTargetsInParallel = 1;
				LastSwiftUpdateCheck = 1420;
				LastUpgradeCheck = 1420;
				TargetAttributes = {
					FDDC70C62A69C8C300647CB1 = {
						CreatedOnToolsVersion = 14.2;
					};
					FDDC70D62A69C8C500647CB1 = {
						CreatedOnToolsVersion = 14.2;
						TestTargetID = FDDC70C62A69C8C300647CB1;
					};
				};
			};
			buildConfigurationList = FDDC70C22A69C8C300647CB1 /* Build configuration list for PBXProject "KlarnaTest" */;
			compatibilityVersion = "Xcode 14.0";
			developmentRegion = en;
			hasScannedForEncodings = 0;
			knownRegions = (
				en,
				Base,
			);
			mainGroup = FDDC70BE2A69C8C300647CB1;
			productRefGroup = FDDC70C82A69C8C300647CB1 /* Products */;
			projectDirPath = "";
			projectRoot = "";
			targets = (
				FDDC70C62A69C8C300647CB1 /* KlarnaTest */,
				FDDC70D62A69C8C500647CB1 /* KlarnaTestTests */,
			);
		};
/* End PBXProject section */

/* Begin PBXResourcesBuildPhase section */
		FDDC70C52A69C8C300647CB1 /* Resources */ = {
			isa = PBXResourcesBuildPhase;
			buildActionMask = 2147483647;
			files = (
				FDD11A742A94154F007DFE14 /* Forecast.json in Resources */,
				FDDC70D22A69C8C500647CB1 /* Preview Assets.xcassets in Resources */,
				FDD11A732A941548007DFE14 /* Current.json in Resources */,
				FDDC70CF2A69C8C500647CB1 /* Assets.xcassets in Resources */,
			);
			runOnlyForDeploymentPostprocessing = 0;
		};
		FDDC70D52A69C8C500647CB1 /* Resources */ = {
			isa = PBXResourcesBuildPhase;
			buildActionMask = 2147483647;
			files = (
				FDD11A6D2A9410E8007DFE14 /* Forecast.json in Resources */,
				FDD11A6B2A9410B6007DFE14 /* Current.json in Resources */,
			);
			runOnlyForDeploymentPostprocessing = 0;
		};
/* End PBXResourcesBuildPhase section */

/* Begin PBXSourcesBuildPhase section */
		FDDC70C32A69C8C300647CB1 /* Sources */ = {
			isa = PBXSourcesBuildPhase;
			buildActionMask = 2147483647;
			files = (
				FDDC71142A708BA700647CB1 /* DailyForecast.swift in Sources */,
				FDDC70FC2A69CC3E00647CB1 /* WeatherViewModel.swift in Sources */,
				FDDC710C2A6C822D00647CB1 /* ContentView.swift in Sources */,
				FDDC710A2A69DC2700647CB1 /* HourlyForecast.swift in Sources */,
				FDDC70FF2A69CD3500647CB1 /* ErrorView.swift in Sources */,
				FDDC70F92A69CC0400647CB1 /* Weather.swift in Sources */,
				FDDC70CD2A69C8C300647CB1 /* Home.swift in Sources */,
				FDDC70CB2A69C8C300647CB1 /* KlarnaTestApp.swift in Sources */,
				FDDC70F62A69C9E400647CB1 /* LocationManager.swift in Sources */,
				FDDC71112A7078AB00647CB1 /* Extensions.swift in Sources */,
				FDDC71162A71DBB600647CB1 /* SearchView.swift in Sources */,
				FDDC71062A69D50800647CB1 /* CustomStackView.swift in Sources */,
				FDDC71042A69CDC500647CB1 /* APIService.swift in Sources */,
				FDDC71022A69CDB300647CB1 /* APIError.swift in Sources */,
				FDDC710E2A6DA1C000647CB1 /* LocationDataView.swift in Sources */,
			);
			runOnlyForDeploymentPostprocessing = 0;
		};
		FDDC70D32A69C8C500647CB1 /* Sources */ = {
			isa = PBXSourcesBuildPhase;
			buildActionMask = 2147483647;
			files = (
				FDD11A6F2A941151007DFE14 /* MockAPIService.swift in Sources */,
				FDD11A722A941227007DFE14 /* Bundle+Extension.swift in Sources */,
				FDDC70DC2A69C8C500647CB1 /* KlarnaTestTests.swift in Sources */,
			);
			runOnlyForDeploymentPostprocessing = 0;
		};
/* End PBXSourcesBuildPhase section */

/* Begin PBXTargetDependency section */
		FDDC70D92A69C8C500647CB1 /* PBXTargetDependency */ = {
			isa = PBXTargetDependency;
			target = FDDC70C62A69C8C300647CB1 /* KlarnaTest */;
			targetProxy = FDDC70D82A69C8C500647CB1 /* PBXContainerItemProxy */;
		};
/* End PBXTargetDependency section */

/* Begin XCBuildConfiguration section */
		FDDC70E92A69C8C500647CB1 /* Debug */ = {
			isa = XCBuildConfiguration;
			buildSettings = {
				ALWAYS_SEARCH_USER_PATHS = NO;
				CLANG_ANALYZER_NONNULL = YES;
				CLANG_ANALYZER_NUMBER_OBJECT_CONVERSION = YES_AGGRESSIVE;
				CLANG_CXX_LANGUAGE_STANDARD = "gnu++20";
				CLANG_ENABLE_MODULES = YES;
				CLANG_ENABLE_OBJC_ARC = YES;
				CLANG_ENABLE_OBJC_WEAK = YES;
				CLANG_WARN_BLOCK_CAPTURE_AUTORELEASING = YES;
				CLANG_WARN_BOOL_CONVERSION = YES;
				CLANG_WARN_COMMA = YES;
				CLANG_WARN_CONSTANT_CONVERSION = YES;
				CLANG_WARN_DEPRECATED_OBJC_IMPLEMENTATIONS = YES;
				CLANG_WARN_DIRECT_OBJC_ISA_USAGE = YES_ERROR;
				CLANG_WARN_DOCUMENTATION_COMMENTS = YES;
				CLANG_WARN_EMPTY_BODY = YES;
				CLANG_WARN_ENUM_CONVERSION = YES;
				CLANG_WARN_INFINITE_RECURSION = YES;
				CLANG_WARN_INT_CONVERSION = YES;
				CLANG_WARN_NON_LITERAL_NULL_CONVERSION = YES;
				CLANG_WARN_OBJC_IMPLICIT_RETAIN_SELF = YES;
				CLANG_WARN_OBJC_LITERAL_CONVERSION = YES;
				CLANG_WARN_OBJC_ROOT_CLASS = YES_ERROR;
				CLANG_WARN_QUOTED_INCLUDE_IN_FRAMEWORK_HEADER = YES;
				CLANG_WARN_RANGE_LOOP_ANALYSIS = YES;
				CLANG_WARN_STRICT_PROTOTYPES = YES;
				CLANG_WARN_SUSPICIOUS_MOVE = YES;
				CLANG_WARN_UNGUARDED_AVAILABILITY = YES_AGGRESSIVE;
				CLANG_WARN_UNREACHABLE_CODE = YES;
				CLANG_WARN__DUPLICATE_METHOD_MATCH = YES;
				COPY_PHASE_STRIP = NO;
				DEBUG_INFORMATION_FORMAT = dwarf;
				ENABLE_STRICT_OBJC_MSGSEND = YES;
				ENABLE_TESTABILITY = YES;
				GCC_C_LANGUAGE_STANDARD = gnu11;
				GCC_DYNAMIC_NO_PIC = NO;
				GCC_NO_COMMON_BLOCKS = YES;
				GCC_OPTIMIZATION_LEVEL = 0;
				GCC_PREPROCESSOR_DEFINITIONS = (
					"DEBUG=1",
					"$(inherited)",
				);
				GCC_WARN_64_TO_32_BIT_CONVERSION = YES;
				GCC_WARN_ABOUT_RETURN_TYPE = YES_ERROR;
				GCC_WARN_UNDECLARED_SELECTOR = YES;
				GCC_WARN_UNINITIALIZED_AUTOS = YES_AGGRESSIVE;
				GCC_WARN_UNUSED_FUNCTION = YES;
				GCC_WARN_UNUSED_VARIABLE = YES;
				IPHONEOS_DEPLOYMENT_TARGET = 16.2;
				MTL_ENABLE_DEBUG_INFO = INCLUDE_SOURCE;
				MTL_FAST_MATH = YES;
				ONLY_ACTIVE_ARCH = YES;
				SDKROOT = iphoneos;
				SWIFT_ACTIVE_COMPILATION_CONDITIONS = DEBUG;
				SWIFT_OPTIMIZATION_LEVEL = "-Onone";
			};
			name = Debug;
		};
		FDDC70EA2A69C8C500647CB1 /* Release */ = {
			isa = XCBuildConfiguration;
			buildSettings = {
				ALWAYS_SEARCH_USER_PATHS = NO;
				CLANG_ANALYZER_NONNULL = YES;
				CLANG_ANALYZER_NUMBER_OBJECT_CONVERSION = YES_AGGRESSIVE;
				CLANG_CXX_LANGUAGE_STANDARD = "gnu++20";
				CLANG_ENABLE_MODULES = YES;
				CLANG_ENABLE_OBJC_ARC = YES;
				CLANG_ENABLE_OBJC_WEAK = YES;
				CLANG_WARN_BLOCK_CAPTURE_AUTORELEASING = YES;
				CLANG_WARN_BOOL_CONVERSION = YES;
				CLANG_WARN_COMMA = YES;
				CLANG_WARN_CONSTANT_CONVERSION = YES;
				CLANG_WARN_DEPRECATED_OBJC_IMPLEMENTATIONS = YES;
				CLANG_WARN_DIRECT_OBJC_ISA_USAGE = YES_ERROR;
				CLANG_WARN_DOCUMENTATION_COMMENTS = YES;
				CLANG_WARN_EMPTY_BODY = YES;
				CLANG_WARN_ENUM_CONVERSION = YES;
				CLANG_WARN_INFINITE_RECURSION = YES;
				CLANG_WARN_INT_CONVERSION = YES;
				CLANG_WARN_NON_LITERAL_NULL_CONVERSION = YES;
				CLANG_WARN_OBJC_IMPLICIT_RETAIN_SELF = YES;
				CLANG_WARN_OBJC_LITERAL_CONVERSION = YES;
				CLANG_WARN_OBJC_ROOT_CLASS = YES_ERROR;
				CLANG_WARN_QUOTED_INCLUDE_IN_FRAMEWORK_HEADER = YES;
				CLANG_WARN_RANGE_LOOP_ANALYSIS = YES;
				CLANG_WARN_STRICT_PROTOTYPES = YES;
				CLANG_WARN_SUSPICIOUS_MOVE = YES;
				CLANG_WARN_UNGUARDED_AVAILABILITY = YES_AGGRESSIVE;
				CLANG_WARN_UNREACHABLE_CODE = YES;
				CLANG_WARN__DUPLICATE_METHOD_MATCH = YES;
				COPY_PHASE_STRIP = NO;
				DEBUG_INFORMATION_FORMAT = "dwarf-with-dsym";
				ENABLE_NS_ASSERTIONS = NO;
				ENABLE_STRICT_OBJC_MSGSEND = YES;
				GCC_C_LANGUAGE_STANDARD = gnu11;
				GCC_NO_COMMON_BLOCKS = YES;
				GCC_WARN_64_TO_32_BIT_CONVERSION = YES;
				GCC_WARN_ABOUT_RETURN_TYPE = YES_ERROR;
				GCC_WARN_UNDECLARED_SELECTOR = YES;
				GCC_WARN_UNINITIALIZED_AUTOS = YES_AGGRESSIVE;
				GCC_WARN_UNUSED_FUNCTION = YES;
				GCC_WARN_UNUSED_VARIABLE = YES;
				IPHONEOS_DEPLOYMENT_TARGET = 16.2;
				MTL_ENABLE_DEBUG_INFO = NO;
				MTL_FAST_MATH = YES;
				SDKROOT = iphoneos;
				SWIFT_COMPILATION_MODE = wholemodule;
				SWIFT_OPTIMIZATION_LEVEL = "-O";
				VALIDATE_PRODUCT = YES;
			};
			name = Release;
		};
		FDDC70EC2A69C8C500647CB1 /* Debug */ = {
			isa = XCBuildConfiguration;
			buildSettings = {
				ASSETCATALOG_COMPILER_APPICON_NAME = AppIcon;
				ASSETCATALOG_COMPILER_GLOBAL_ACCENT_COLOR_NAME = AccentColor;
				CODE_SIGN_STYLE = Automatic;
				CURRENT_PROJECT_VERSION = 1;
				DEVELOPMENT_ASSET_PATHS = "\"KlarnaTest/Preview Content\"";
				DEVELOPMENT_TEAM = JKT83J7842;
				ENABLE_PREVIEWS = YES;
				GENERATE_INFOPLIST_FILE = YES;
				INFOPLIST_FILE = KlarnaTest/Info.plist;
				INFOPLIST_KEY_NSLocationWhenInUseUsageDescription = "KlarnaTest App needs to access your location data to get your location.";
				INFOPLIST_KEY_UIApplicationSceneManifest_Generation = YES;
				INFOPLIST_KEY_UIApplicationSupportsIndirectInputEvents = YES;
				INFOPLIST_KEY_UILaunchScreen_Generation = YES;
				INFOPLIST_KEY_UISupportedInterfaceOrientations_iPad = "UIInterfaceOrientationPortrait UIInterfaceOrientationPortraitUpsideDown UIInterfaceOrientationLandscapeLeft UIInterfaceOrientationLandscapeRight";
				INFOPLIST_KEY_UISupportedInterfaceOrientations_iPhone = "UIInterfaceOrientationPortrait UIInterfaceOrientationLandscapeLeft UIInterfaceOrientationLandscapeRight";
				IPHONEOS_DEPLOYMENT_TARGET = 15.0;
				LD_RUNPATH_SEARCH_PATHS = (
					"$(inherited)",
					"@executable_path/Frameworks",
				);
				MARKETING_VERSION = 1.0;
				PRODUCT_BUNDLE_IDENTIFIER = com.test.KlarnaTest;
				PRODUCT_NAME = "$(TARGET_NAME)";
				SWIFT_EMIT_LOC_STRINGS = YES;
				SWIFT_VERSION = 5.0;
				TARGETED_DEVICE_FAMILY = "1,2";
			};
			name = Debug;
		};
		FDDC70ED2A69C8C500647CB1 /* Release */ = {
			isa = XCBuildConfiguration;
			buildSettings = {
				ASSETCATALOG_COMPILER_APPICON_NAME = AppIcon;
				ASSETCATALOG_COMPILER_GLOBAL_ACCENT_COLOR_NAME = AccentColor;
				CODE_SIGN_STYLE = Automatic;
				CURRENT_PROJECT_VERSION = 1;
				DEVELOPMENT_ASSET_PATHS = "\"KlarnaTest/Preview Content\"";
				DEVELOPMENT_TEAM = JKT83J7842;
				ENABLE_PREVIEWS = YES;
				GENERATE_INFOPLIST_FILE = YES;
				INFOPLIST_FILE = KlarnaTest/Info.plist;
				INFOPLIST_KEY_NSLocationWhenInUseUsageDescription = "KlarnaTest App needs to access your location data to get your location.";
				INFOPLIST_KEY_UIApplicationSceneManifest_Generation = YES;
				INFOPLIST_KEY_UIApplicationSupportsIndirectInputEvents = YES;
				INFOPLIST_KEY_UILaunchScreen_Generation = YES;
				INFOPLIST_KEY_UISupportedInterfaceOrientations_iPad = "UIInterfaceOrientationPortrait UIInterfaceOrientationPortraitUpsideDown UIInterfaceOrientationLandscapeLeft UIInterfaceOrientationLandscapeRight";
				INFOPLIST_KEY_UISupportedInterfaceOrientations_iPhone = "UIInterfaceOrientationPortrait UIInterfaceOrientationLandscapeLeft UIInterfaceOrientationLandscapeRight";
				IPHONEOS_DEPLOYMENT_TARGET = 15.0;
				LD_RUNPATH_SEARCH_PATHS = (
					"$(inherited)",
					"@executable_path/Frameworks",
				);
				MARKETING_VERSION = 1.0;
				PRODUCT_BUNDLE_IDENTIFIER = com.test.KlarnaTest;
				PRODUCT_NAME = "$(TARGET_NAME)";
				SWIFT_EMIT_LOC_STRINGS = YES;
				SWIFT_VERSION = 5.0;
				TARGETED_DEVICE_FAMILY = "1,2";
			};
			name = Release;
		};
		FDDC70EF2A69C8C500647CB1 /* Debug */ = {
			isa = XCBuildConfiguration;
			buildSettings = {
				ALWAYS_EMBED_SWIFT_STANDARD_LIBRARIES = YES;
				BUNDLE_LOADER = "$(TEST_HOST)";
				CODE_SIGN_STYLE = Automatic;
				CURRENT_PROJECT_VERSION = 1;
				DEVELOPMENT_TEAM = JKT83J7842;
				GENERATE_INFOPLIST_FILE = YES;
				IPHONEOS_DEPLOYMENT_TARGET = 16.2;
				MARKETING_VERSION = 1.0;
				PRODUCT_BUNDLE_IDENTIFIER = com.test.KlarnaTestTests;
				PRODUCT_NAME = "$(TARGET_NAME)";
				SWIFT_EMIT_LOC_STRINGS = NO;
				SWIFT_VERSION = 5.0;
				TARGETED_DEVICE_FAMILY = "1,2";
				TEST_HOST = "$(BUILT_PRODUCTS_DIR)/KlarnaTest.app/$(BUNDLE_EXECUTABLE_FOLDER_PATH)/KlarnaTest";
			};
			name = Debug;
		};
		FDDC70F02A69C8C500647CB1 /* Release */ = {
			isa = XCBuildConfiguration;
			buildSettings = {
				ALWAYS_EMBED_SWIFT_STANDARD_LIBRARIES = YES;
				BUNDLE_LOADER = "$(TEST_HOST)";
				CODE_SIGN_STYLE = Automatic;
				CURRENT_PROJECT_VERSION = 1;
				DEVELOPMENT_TEAM = JKT83J7842;
				GENERATE_INFOPLIST_FILE = YES;
				IPHONEOS_DEPLOYMENT_TARGET = 16.2;
				MARKETING_VERSION = 1.0;
				PRODUCT_BUNDLE_IDENTIFIER = com.test.KlarnaTestTests;
				PRODUCT_NAME = "$(TARGET_NAME)";
				SWIFT_EMIT_LOC_STRINGS = NO;
				SWIFT_VERSION = 5.0;
				TARGETED_DEVICE_FAMILY = "1,2";
				TEST_HOST = "$(BUILT_PRODUCTS_DIR)/KlarnaTest.app/$(BUNDLE_EXECUTABLE_FOLDER_PATH)/KlarnaTest";
			};
			name = Release;
		};
/* End XCBuildConfiguration section */

/* Begin XCConfigurationList section */
		FDDC70C22A69C8C300647CB1 /* Build configuration list for PBXProject "KlarnaTest" */ = {
			isa = XCConfigurationList;
			buildConfigurations = (
				FDDC70E92A69C8C500647CB1 /* Debug */,
				FDDC70EA2A69C8C500647CB1 /* Release */,
			);
			defaultConfigurationIsVisible = 0;
			defaultConfigurationName = Release;
		};
		FDDC70EB2A69C8C500647CB1 /* Build configuration list for PBXNativeTarget "KlarnaTest" */ = {
			isa = XCConfigurationList;
			buildConfigurations = (
				FDDC70EC2A69C8C500647CB1 /* Debug */,
				FDDC70ED2A69C8C500647CB1 /* Release */,
			);
			defaultConfigurationIsVisible = 0;
			defaultConfigurationName = Release;
		};
		FDDC70EE2A69C8C500647CB1 /* Build configuration list for PBXNativeTarget "KlarnaTestTests" */ = {
			isa = XCConfigurationList;
			buildConfigurations = (
				FDDC70EF2A69C8C500647CB1 /* Debug */,
				FDDC70F02A69C8C500647CB1 /* Release */,
			);
			defaultConfigurationIsVisible = 0;
			defaultConfigurationName = Release;
		};
/* End XCConfigurationList section */
	};
	rootObject = FDDC70BF2A69C8C300647CB1 /* Project object */;
}
